{
    "_readme": [
        "This file locks the dependencies of your project to a known state",
        "Read more about it at https://getcomposer.org/doc/01-basic-usage.md#composer-lock-the-lock-file",
        "This file is @generated automatically"
    ],
    "hash": "3ee4c6150c6fcc09e2f9287c21bfd9c4",
    "packages": [
        {
            "name": "axyr/silverstripe-ideannotator",
            "version": "dev-master",
            "target-dir": "ideannotator",
            "source": {
                "type": "git",
                "url": "https://github.com/axyr/silverstripe-ideannotator.git",
                "reference": "7506f167cd3feb8cd9e432c6d071bf34967b96d6"
            },
            "dist": {
                "type": "zip",
                "url": "https://api.github.com/repos/axyr/silverstripe-ideannotator/zipball/7506f167cd3feb8cd9e432c6d071bf34967b96d6",
                "reference": "7506f167cd3feb8cd9e432c6d071bf34967b96d6",
                "shasum": ""
            },
            "require": {
                "silverstripe/framework": ">=3.1.0"
            },
            "require-dev": {
                "phpunit/phpunit": "~3.7@stable"
            },
            "type": "silverstripe-module",
            "extra": {
                "installer-name": "ideannotator"
            },
            "notification-url": "https://packagist.org/downloads/",
            "license": [
                "BSD-3-Clause"
            ],
            "authors": [
                {
                    "name": "Martijn van Nieuwenhoven",
                    "email": "info@axyrmedia.nl"
                }
            ],
            "description": "Generate PHP DocBlock annotations for DataObject and DataExtension databasefields and relation methods",
            "keywords": [
                "annotations",
                "database",
                "docblock",
                "ide",
                "orm",
                "silverstripe"
            ],
            "time": "2015-07-25 18:05:00"
        },
        {
            "name": "bummzack/sortablefile",
            "version": "dev-master",
            "source": {
                "type": "git",
                "url": "https://github.com/bummzack/sortablefile.git",
                "reference": "2d2f12f351c5e4bd87eeea5ee0f5099a90972048"
            },
            "dist": {
                "type": "zip",
                "url": "https://api.github.com/repos/bummzack/sortablefile/zipball/2d2f12f351c5e4bd87eeea5ee0f5099a90972048",
                "reference": "2d2f12f351c5e4bd87eeea5ee0f5099a90972048",
                "shasum": ""
            },
            "require": {
                "silverstripe/framework": "~3.1"
            },
            "type": "silverstripe-module",
            "extra": {
                "branch-alias": {
                    "dev-master": "1.1.x-dev"
                }
            },
            "notification-url": "https://packagist.org/downloads/",
            "license": [
                "BSD-3-Clause"
            ],
            "authors": [
                {
                    "name": "bummzack"
                }
            ],
            "description": "An extension for SilverStripe 3.1 that allows sorting of multiple attached images (extends UploadField).",
            "keywords": [
                "cms",
                "silverstripe",
                "sortable"
            ],
            "time": "2015-08-09 09:35:19"
        },
        {
            "name": "composer/installers",
            "version": "dev-master",
            "source": {
                "type": "git",
                "url": "https://github.com/composer/installers.git",
                "reference": "e420b539e8d7b38b7c6f3f99dccc0386bd3dfe41"
            },
            "dist": {
                "type": "zip",
                "url": "https://api.github.com/repos/composer/installers/zipball/e420b539e8d7b38b7c6f3f99dccc0386bd3dfe41",
                "reference": "e420b539e8d7b38b7c6f3f99dccc0386bd3dfe41",
                "shasum": ""
            },
            "replace": {
                "roundcube/plugin-installer": "*",
                "shama/baton": "*"
            },
            "require-dev": {
                "composer/composer": "1.0.*@dev",
                "phpunit/phpunit": "4.1.*"
            },
            "type": "composer-installer",
            "extra": {
                "class": "Composer\\Installers\\Installer",
                "branch-alias": {
                    "dev-master": "1.0-dev"
                }
            },
            "autoload": {
                "psr-0": {
                    "Composer\\Installers\\": "src/"
                }
            },
            "notification-url": "https://packagist.org/downloads/",
            "license": [
                "MIT"
            ],
            "authors": [
                {
                    "name": "Kyle Robinson Young",
                    "email": "kyle@dontkry.com",
                    "homepage": "https://github.com/shama"
                }
            ],
            "description": "A multi-framework Composer library installer",
            "homepage": "http://composer.github.com/installers/",
            "keywords": [
                "Craft",
                "Dolibarr",
                "Hurad",
                "MODX Evo",
                "OXID",
                "SMF",
                "Thelia",
                "WolfCMS",
                "agl",
                "aimeos",
                "annotatecms",
                "bitrix",
                "cakephp",
                "chef",
                "codeigniter",
                "concrete5",
                "croogo",
                "dokuwiki",
                "drupal",
                "elgg",
                "fuelphp",
                "grav",
                "installer",
                "joomla",
                "kohana",
                "laravel",
                "lithium",
                "magento",
                "mako",
                "mediawiki",
                "modulework",
                "moodle",
                "phpbb",
                "piwik",
                "ppi",
                "puppet",
                "roundcube",
                "shopware",
                "silverstripe",
                "symfony",
                "typo3",
                "wordpress",
                "zend",
                "zikula"
            ],
            "time": "2015-06-13 15:30:38"
        },
        {
            "name": "heyday/silverstripe-colorpalette",
            "version": "dev-master",
            "source": {
                "type": "git",
                "url": "https://github.com/heyday/silverstripe-colorpalette.git",
                "reference": "14a08abcc1dde7bb671873181e3c48f9c00f537a"
            },
            "dist": {
                "type": "zip",
                "url": "https://api.github.com/repos/heyday/silverstripe-colorpalette/zipball/14a08abcc1dde7bb671873181e3c48f9c00f537a",
                "reference": "14a08abcc1dde7bb671873181e3c48f9c00f537a",
                "shasum": ""
            },
            "type": "silverstripe-module",
            "notification-url": "https://packagist.org/downloads/",
            "license": [
                "MIT"
            ],
            "authors": [
                {
                    "name": "Cam Spiers",
                    "email": "camspiers@gmail.com"
                },
                {
                    "name": "Kyle Beattie",
                    "email": "kyle@heyday.co.nz"
                }
            ],
            "description": "A coor palette picker for SilverStripe CMS",
            "time": "2013-07-28 06:19:51"
        },
        {
            "name": "lrc/silverstripe-link-field",
            "version": "dev-master",
            "source": {
                "type": "git",
                "url": "https://github.com/lrc/silverstripe-link-field.git",
                "reference": "2b042d8b4ddb77127054cbf628ef6fbb7e3929e3"
            },
            "dist": {
                "type": "zip",
                "url": "https://api.github.com/repos/lrc/silverstripe-link-field/zipball/2b042d8b4ddb77127054cbf628ef6fbb7e3929e3",
                "reference": "2b042d8b4ddb77127054cbf628ef6fbb7e3929e3",
                "shasum": ""
            },
            "require": {
                "silverstripe/cms": "3.*",
                "silverstripe/framework": "3.*"
            },
            "type": "silverstripe-module",
            "notification-url": "https://packagist.org/downloads/",
            "authors": [
                {
                    "name": "Simon Elvery",
                    "email": "simon@elvery.net"
                },
                {
                    "name": "Left, Right & Centre",
                    "email": "hello@leftrightandcentre.com.au"
                }
            ],
            "description": "A SilverStripe field type for having an internal or external link in a single field.",
            "homepage": "https://github.com/lrc/silverstripe-link-field/",
            "keywords": [
                "field",
                "silverstripe"
            ],
            "time": "2013-11-25 23:59:19"
        },
        {
            "name": "silverstripe-australia/gridfieldextensions",
            "version": "dev-master",
            "source": {
                "type": "git",
                "url": "https://github.com/silverstripe-australia/silverstripe-gridfieldextensions.git",
                "reference": "4c1399ac5c983466fb72c2d9dc58042a07d4b91b"
            },
            "dist": {
                "type": "zip",
                "url": "https://api.github.com/repos/silverstripe-australia/silverstripe-gridfieldextensions/zipball/4c1399ac5c983466fb72c2d9dc58042a07d4b91b",
                "reference": "4c1399ac5c983466fb72c2d9dc58042a07d4b91b",
                "shasum": ""
            },
            "require": {
                "silverstripe/framework": "~3.1"
            },
            "replace": {
                "ajshort/silverstripe-gridfieldextensions": "self.version"
            },
            "type": "silverstripe-module",
            "extra": {
                "installer-name": "gridfieldextensions",
                "branch-alias": {
                    "dev-master": "1.2.x-dev"
                },
                "screenshots": [
                    "docs/en/_images/editable-rows.png",
                    "docs/en/_images/add-existing-search.png"
                ]
            },
            "notification-url": "https://packagist.org/downloads/",
            "license": [
                "BSD-3-Clause"
            ],
            "authors": [
                {
                    "name": "Marcus Nyeholt",
                    "email": "marcus@silverstripe.com.au"
                },
                {
                    "name": "Andrew Short",
                    "email": "andrewjshort@gmail.com"
                }
            ],
            "description": "A collection of useful grid field components",
            "homepage": "http://github.com/silverstripe-australia/silverstripe-gridfieldextensions",
            "keywords": [
                "gridfield",
                "silverstripe"
            ],
            "time": "2015-09-24 00:04:49"
        },
        {
            "name": "silverstripe/cms",
            "version": "3.1.15",
            "source": {
                "type": "git",
                "url": "https://github.com/silverstripe/silverstripe-cms.git",
                "reference": "0df0f35278bf25154a7946ecc555705582a23748"
            },
            "dist": {
                "type": "zip",
                "url": "https://api.github.com/repos/silverstripe/silverstripe-cms/zipball/0df0f35278bf25154a7946ecc555705582a23748",
                "reference": "0df0f35278bf25154a7946ecc555705582a23748",
                "shasum": ""
            },
            "require": {
                "composer/installers": "*",
                "php": ">=5.3.2",
                "silverstripe/framework": "3.1.*"
            },
            "type": "silverstripe-module",
            "autoload": {
                "classmap": [
                    "tests/behat/"
                ]
            },
            "notification-url": "https://packagist.org/downloads/",
            "license": [
                "BSD-3-Clause"
            ],
            "authors": [
                {
                    "name": "SilverStripe",
                    "homepage": "http://silverstripe.com"
                },
                {
                    "name": "The SilverStripe Community",
                    "homepage": "http://silverstripe.org"
                }
            ],
            "description": "The SilverStripe Content Management System",
            "homepage": "http://silverstripe.org",
            "keywords": [
                "cms",
                "silverstripe"
            ],
            "time": "2015-09-18 02:21:19"
        },
        {
            "name": "silverstripe/framework",
            "version": "3.1.15",
            "source": {
                "type": "git",
                "url": "https://github.com/silverstripe/silverstripe-framework.git",
                "reference": "c2a407a01b362981d070d6062fef52c8679e4a2b"
            },
            "dist": {
                "type": "zip",
                "url": "https://api.github.com/repos/silverstripe/silverstripe-framework/zipball/c2a407a01b362981d070d6062fef52c8679e4a2b",
                "reference": "c2a407a01b362981d070d6062fef52c8679e4a2b",
                "shasum": ""
            },
            "require": {
                "composer/installers": "*",
                "php": ">=5.3.2,<7"
            },
            "require-dev": {
                "phpunit/phpunit": "~3.7@stable"
            },
            "type": "silverstripe-module",
            "autoload": {
                "classmap": [
                    "tests/behat/features/bootstrap"
                ]
            },
            "notification-url": "https://packagist.org/downloads/",
            "license": [
                "BSD-3-Clause"
            ],
            "authors": [
                {
                    "name": "SilverStripe",
                    "homepage": "http://silverstripe.com"
                },
                {
                    "name": "The SilverStripe Community",
                    "homepage": "http://silverstripe.org"
                }
            ],
            "description": "The SilverStripe framework",
            "homepage": "http://silverstripe.org",
            "keywords": [
                "framework",
                "silverstripe"
            ],
            "time": "2015-09-18 02:51:04"
        },
        {
            "name": "silverstripe/googlesitemaps",
            "version": "dev-master",
            "source": {
                "type": "git",
                "url": "https://github.com/silverstripe-labs/silverstripe-googlesitemaps.git",
                "reference": "c549ca4d3fd1c4014494b434f5cf49b792a107c9"
            },
            "dist": {
                "type": "zip",
                "url": "https://api.github.com/repos/silverstripe-labs/silverstripe-googlesitemaps/zipball/c549ca4d3fd1c4014494b434f5cf49b792a107c9",
                "reference": "c549ca4d3fd1c4014494b434f5cf49b792a107c9",
                "shasum": ""
            },
            "require": {
                "silverstripe/framework": "~3.1"
            },
            "type": "silverstripe-module",
            "notification-url": "https://packagist.org/downloads/",
            "license": [
                "BSD"
            ],
            "authors": [
                {
                    "name": "Will Rossiter",
                    "email": "will@fullscreen.io"
                }
            ],
            "description": "SilverStripe support for the Google Sitemaps XML system, enabling Google and other search engines to see all urls on your site. This helps your SilverStripe website rank well in search engines, and to encourage the information on your site to be discovered by Google quickly.",
            "homepage": "https://github.com/silverstripe-labs/silverstripe-googlesitemaps",
            "keywords": [
                "googlesitemaps",
                "seo",
                "silverstripe"
            ],
            "time": "2015-09-07 08:00:33"
        },
        {
            "name": "symfony/process",
            "version": "2.8.x-dev",
            "source": {
                "type": "git",
                "url": "https://github.com/symfony/Process.git",
                "reference": "027198e3e5c1ae767be46fdde12610baac621b53"
            },
            "dist": {
                "type": "zip",
                "url": "https://api.github.com/repos/symfony/Process/zipball/027198e3e5c1ae767be46fdde12610baac621b53",
                "reference": "027198e3e5c1ae767be46fdde12610baac621b53",
                "shasum": ""
            },
            "require": {
                "php": ">=5.3.9"
            },
            "require-dev": {
                "symfony/phpunit-bridge": "~2.7|~3.0.0"
            },
            "type": "library",
            "extra": {
                "branch-alias": {
                    "dev-master": "2.8-dev"
                }
            },
            "autoload": {
                "psr-4": {
                    "Symfony\\Component\\Process\\": ""
                }
            },
            "notification-url": "https://packagist.org/downloads/",
            "license": [
                "MIT"
            ],
            "authors": [
                {
                    "name": "Fabien Potencier",
                    "email": "fabien@symfony.com"
                },
                {
                    "name": "Symfony Community",
                    "homepage": "https://symfony.com/contributors"
                }
            ],
            "description": "Symfony Process Component",
            "homepage": "https://symfony.com",
            "time": "2015-09-19 19:59:50"
        },
        {
            "name": "symfony/yaml",
            "version": "2.8.x-dev",
            "source": {
                "type": "git",
                "url": "https://github.com/symfony/Yaml.git",
                "reference": "d196cb1ac36901bde7d7fbed74ee31fdb85fd119"
            },
            "dist": {
                "type": "zip",
                "url": "https://api.github.com/repos/symfony/Yaml/zipball/d196cb1ac36901bde7d7fbed74ee31fdb85fd119",
                "reference": "d196cb1ac36901bde7d7fbed74ee31fdb85fd119",
                "shasum": ""
            },
            "require": {
                "php": ">=5.3.9"
            },
            "require-dev": {
                "symfony/phpunit-bridge": "~2.7|~3.0.0"
            },
            "type": "library",
            "extra": {
                "branch-alias": {
                    "dev-master": "2.8-dev"
                }
            },
            "autoload": {
                "psr-4": {
                    "Symfony\\Component\\Yaml\\": ""
                }
            },
            "notification-url": "https://packagist.org/downloads/",
            "license": [
                "MIT"
            ],
            "authors": [
                {
                    "name": "Fabien Potencier",
                    "email": "fabien@symfony.com"
                },
                {
                    "name": "Symfony Community",
                    "homepage": "https://symfony.com/contributors"
                }
            ],
            "description": "Symfony Yaml Component",
            "homepage": "https://symfony.com",
            "time": "2015-09-14 14:15:17"
        },
        {
            "name": "unclecheese/betterbuttons",
            "version": "dev-master",
            "source": {
                "type": "git",
                "url": "https://github.com/unclecheese/silverstripe-gridfield-betterbuttons.git",
                "reference": "15fad37bc42ea50a6c57dc6a40ae66a28d81c028"
            },
            "dist": {
                "type": "zip",
                "url": "https://api.github.com/repos/unclecheese/silverstripe-gridfield-betterbuttons/zipball/15fad37bc42ea50a6c57dc6a40ae66a28d81c028",
                "reference": "15fad37bc42ea50a6c57dc6a40ae66a28d81c028",
                "shasum": ""
            },
            "require": {
                "silverstripe/framework": "~3.1"
            },
            "type": "silverstripe-module",
            "notification-url": "https://packagist.org/downloads/",
            "license": [
                "GNU"
            ],
            "authors": [
                {
                    "name": "Uncle Cheese",
                    "email": "unclecheese@leftandmain.com"
                }
            ],
            "description": "Adds new form actions and buttons to GridField detail form for usability enhancements.",
            "keywords": [
                "buttons",
                "gridfield",
                "silverstripe"
            ],
            "time": "2015-06-17 03:38:55"
        },
        {
            "name": "unclecheese/display-logic",
            "version": "dev-master",
            "source": {
                "type": "git",
                "url": "https://github.com/unclecheese/silverstripe-display-logic.git",
                "reference": "369b7488b764c0447a6344628f06b3dcea8b1913"
            },
            "dist": {
                "type": "zip",
                "url": "https://api.github.com/repos/unclecheese/silverstripe-display-logic/zipball/369b7488b764c0447a6344628f06b3dcea8b1913",
                "reference": "369b7488b764c0447a6344628f06b3dcea8b1913",
                "shasum": ""
            },
            "require": {
                "silverstripe/framework": "3.*"
            },
            "replace": {
                "silverstripe/display-logic": "*"
            },
            "type": "silverstripe-module",
            "extra": {
                "installer-name": "display_logic"
            },
            "notification-url": "https://packagist.org/downloads/",
            "license": [
                "BSD-3-Clause"
            ],
            "authors": [
                {
                    "name": "Uncle Cheese",
                    "email": "unclecheese@leftandmain.com"
                }
            ],
            "description": "Allows assignment of conditions for display and hide of specific form fields based on client side behavior.",
            "keywords": [
                "Forms",
                "cms",
                "display",
                "logic",
                "silverstripe"
            ],
            "time": "2015-03-22 09:47:21"
        },
        {
            "name": "zauberfisch/silverstripe-better-form-validator",
            "version": "dev-master",
            "source": {
                "type": "git",
                "url": "https://github.com/Zauberfisch/silverstripe-better-form-validator.git",
                "reference": "9202814c87f02a25583f859948385e1f1b55b4ea"
            },
            "dist": {
                "type": "zip",
                "url": "https://api.github.com/repos/Zauberfisch/silverstripe-better-form-validator/zipball/9202814c87f02a25583f859948385e1f1b55b4ea",
                "reference": "9202814c87f02a25583f859948385e1f1b55b4ea",
                "shasum": ""
            },
            "require": {
                "silverstripe/framework": ">=3.1"
            },
            "type": "silverstripe-module",
            "extra": {
                "installer-name": "better-form-validator"
            },
            "notification-url": "https://packagist.org/downloads/",
            "license": [
                "BSD-3-Clause"
            ],
            "authors": [
                {
                    "name": "Zauberfisch",
                    "email": "zauberfisch@zauberfisch.at"
                }
            ],
            "description": "Easy custom Form Validation for SilverStripe",
            "homepage": "https://github.com/Zauberfisch/silverstripe-better-form-validator",
            "keywords": [
                "form",
                "silverstripe",
                "validation"
            ],
            "time": "2015-03-18 15:24:50"
        },
        {
            "name": "zauberfisch/silverstripe-better-i18n",
            "version": "dev-master",
            "source": {
                "type": "git",
                "url": "https://github.com/Zauberfisch/silverstripe-better-i18n.git",
                "reference": "cf077603d6debaf8436bc6df46d739155965c65d"
            },
            "dist": {
                "type": "zip",
                "url": "https://api.github.com/repos/Zauberfisch/silverstripe-better-i18n/zipball/cf077603d6debaf8436bc6df46d739155965c65d",
                "reference": "cf077603d6debaf8436bc6df46d739155965c65d",
                "shasum": ""
            },
            "require": {
                "silverstripe/framework": ">=3.1",
                "symfony/yaml": "2.8.*@dev"
            },
            "type": "silverstripe-module",
            "extra": {
                "installer-name": "better-i18n"
            },
            "notification-url": "https://packagist.org/downloads/",
            "license": [
                "BSD-3-Clause"
            ],
            "authors": [
                {
                    "name": "Zauberfisch",
                    "email": "zauberfisch@zauberfisch.at"
                }
            ],
            "description": "Replacement for SilverStripe i18n",
            "homepage": "https://github.com/Zauberfisch/silverstripe-better-i18n",
            "keywords": [
                "silverstripe"
            ],
            "time": "2015-04-28 11:48:23"
        },
        {
            "name": "zauberfisch/silverstripe-better-image",
            "version": "dev-master",
            "source": {
                "type": "git",
                "url": "https://github.com/Zauberfisch/silverstripe-better-image.git",
                "reference": "078902ef26b18bacc03b8c8088a6f8a12ea1d721"
            },
            "dist": {
                "type": "zip",
                "url": "https://api.github.com/repos/Zauberfisch/silverstripe-better-image/zipball/078902ef26b18bacc03b8c8088a6f8a12ea1d721",
                "reference": "078902ef26b18bacc03b8c8088a6f8a12ea1d721",
                "shasum": ""
            },
            "require": {
                "silverstripe/framework": ">=3.1"
            },
            "type": "silverstripe-module",
            "extra": {
                "installer-name": "better-image"
            },
            "notification-url": "https://packagist.org/downloads/",
            "license": [
                "BSD-3-Clause"
            ],
            "authors": [
                {
                    "name": "Zauberfisch",
                    "email": "zauberfisch@zauberfisch.at"
                }
            ],
            "description": "Adds additional methods to the SilverStripe Image class",
            "homepage": "https://github.com/Zauberfisch/silverstripe-better-image",
            "keywords": [
                "silverstripe"
            ],
            "time": "2015-04-28 12:28:15"
        },
        {
            "name": "zauberfisch/silverstripe-better-requirements",
            "version": "dev-master",
            "source": {
                "type": "git",
                "url": "https://github.com/Zauberfisch/silverstripe-better-requirements.git",
                "reference": "8a3b5179b9ae83cb5b8e3eec51a1ae6cdac4ef84"
            },
            "dist": {
                "type": "zip",
                "url": "https://api.github.com/repos/Zauberfisch/silverstripe-better-requirements/zipball/8a3b5179b9ae83cb5b8e3eec51a1ae6cdac4ef84",
                "reference": "8a3b5179b9ae83cb5b8e3eec51a1ae6cdac4ef84",
                "shasum": ""
            },
            "require": {
                "silverstripe/framework": ">=3.1",
                "symfony/process": "2.8.*@dev"
            },
            "type": "silverstripe-module",
            "extra": {
                "installer-name": "better-requirements"
            },
            "notification-url": "https://packagist.org/downloads/",
            "license": [
                "BSD-3-Clause"
            ],
            "authors": [
                {
                    "name": "Zauberfisch",
                    "email": "zauberfisch@zauberfisch.at"
                }
            ],
            "description": "Replacement for the SilverStripe Requirements_Backend",
            "homepage": "https://github.com/Zauberfisch/silverstripe-better-requirements",
            "keywords": [
                "less",
                "sass",
                "scss",
                "silverstripe"
            ],
            "time": "2015-08-21 11:54:24"
        }
    ],
    "packages-dev": [
        {
            "name": "phpunit/php-code-coverage",
            "version": "1.2.x-dev",
            "source": {
                "type": "git",
                "url": "https://github.com/sebastianbergmann/php-code-coverage.git",
                "reference": "fe2466802556d3fe4e4d1d58ffd3ccfd0a19be0b"
            },
            "dist": {
                "type": "zip",
                "url": "https://api.github.com/repos/sebastianbergmann/php-code-coverage/zipball/fe2466802556d3fe4e4d1d58ffd3ccfd0a19be0b",
                "reference": "fe2466802556d3fe4e4d1d58ffd3ccfd0a19be0b",
                "shasum": ""
            },
            "require": {
                "php": ">=5.3.3",
                "phpunit/php-file-iterator": ">=1.3.0@stable",
                "phpunit/php-text-template": ">=1.2.0@stable",
                "phpunit/php-token-stream": ">=1.1.3,<1.3.0"
            },
            "require-dev": {
                "phpunit/phpunit": "3.7.*@dev"
            },
            "suggest": {
                "ext-dom": "*",
                "ext-xdebug": ">=2.0.5"
            },
            "type": "library",
            "extra": {
                "branch-alias": {
                    "dev-master": "1.2.x-dev"
                }
            },
            "autoload": {
                "classmap": [
                    "PHP/"
                ]
            },
            "notification-url": "https://packagist.org/downloads/",
            "include-path": [
                ""
            ],
            "license": [
                "BSD-3-Clause"
            ],
            "authors": [
                {
                    "name": "Sebastian Bergmann",
                    "email": "sb@sebastian-bergmann.de",
                    "role": "lead"
                }
            ],
            "description": "Library that provides collection, processing, and rendering functionality for PHP code coverage information.",
            "homepage": "https://github.com/sebastianbergmann/php-code-coverage",
            "keywords": [
                "coverage",
                "testing",
                "xunit"
            ],
            "time": "2014-09-02 10:13:14"
        },
        {
            "name": "phpunit/php-file-iterator",
            "version": "dev-master",
            "source": {
                "type": "git",
                "url": "https://github.com/sebastianbergmann/php-file-iterator.git",
                "reference": "6150bf2c35d3fc379e50c7602b75caceaa39dbf0"
            },
            "dist": {
                "type": "zip",
                "url": "https://api.github.com/repos/sebastianbergmann/php-file-iterator/zipball/6150bf2c35d3fc379e50c7602b75caceaa39dbf0",
                "reference": "6150bf2c35d3fc379e50c7602b75caceaa39dbf0",
                "shasum": ""
            },
            "require": {
                "php": ">=5.3.3"
            },
            "type": "library",
            "extra": {
                "branch-alias": {
                    "dev-master": "1.4.x-dev"
                }
            },
            "autoload": {
                "classmap": [
                    "src/"
                ]
            },
            "notification-url": "https://packagist.org/downloads/",
            "license": [
                "BSD-3-Clause"
            ],
            "authors": [
                {
                    "name": "Sebastian Bergmann",
                    "email": "sb@sebastian-bergmann.de",
                    "role": "lead"
                }
            ],
            "description": "FilterIterator implementation that filters files based on a list of suffixes.",
            "homepage": "https://github.com/sebastianbergmann/php-file-iterator/",
            "keywords": [
                "filesystem",
                "iterator"
            ],
            "time": "2015-06-21 13:08:43"
        },
        {
            "name": "phpunit/php-text-template",
            "version": "1.2.1",
            "source": {
                "type": "git",
                "url": "https://github.com/sebastianbergmann/php-text-template.git",
                "reference": "31f8b717e51d9a2afca6c9f046f5d69fc27c8686"
            },
            "dist": {
                "type": "zip",
                "url": "https://api.github.com/repos/sebastianbergmann/php-text-template/zipball/31f8b717e51d9a2afca6c9f046f5d69fc27c8686",
                "reference": "31f8b717e51d9a2afca6c9f046f5d69fc27c8686",
                "shasum": ""
            },
            "require": {
                "php": ">=5.3.3"
            },
            "type": "library",
            "autoload": {
                "classmap": [
                    "src/"
                ]
            },
            "notification-url": "https://packagist.org/downloads/",
            "license": [
                "BSD-3-Clause"
            ],
            "authors": [
                {
                    "name": "Sebastian Bergmann",
                    "email": "sebastian@phpunit.de",
                    "role": "lead"
                }
            ],
            "description": "Simple template engine.",
            "homepage": "https://github.com/sebastianbergmann/php-text-template/",
            "keywords": [
                "template"
            ],
            "time": "2015-06-21 13:50:34"
        },
        {
            "name": "phpunit/php-timer",
            "version": "1.0.7",
            "source": {
                "type": "git",
                "url": "https://github.com/sebastianbergmann/php-timer.git",
                "reference": "3e82f4e9fc92665fafd9157568e4dcb01d014e5b"
            },
            "dist": {
                "type": "zip",
                "url": "https://api.github.com/repos/sebastianbergmann/php-timer/zipball/3e82f4e9fc92665fafd9157568e4dcb01d014e5b",
                "reference": "3e82f4e9fc92665fafd9157568e4dcb01d014e5b",
                "shasum": ""
            },
            "require": {
                "php": ">=5.3.3"
            },
            "type": "library",
            "autoload": {
                "classmap": [
                    "src/"
                ]
            },
            "notification-url": "https://packagist.org/downloads/",
            "license": [
                "BSD-3-Clause"
            ],
            "authors": [
                {
                    "name": "Sebastian Bergmann",
                    "email": "sb@sebastian-bergmann.de",
                    "role": "lead"
                }
            ],
            "description": "Utility class for timing",
            "homepage": "https://github.com/sebastianbergmann/php-timer/",
            "keywords": [
                "timer"
            ],
            "time": "2015-06-21 08:01:12"
        },
        {
            "name": "phpunit/php-token-stream",
            "version": "1.2.2",
            "source": {
                "type": "git",
                "url": "https://github.com/sebastianbergmann/php-token-stream.git",
                "reference": "ad4e1e23ae01b483c16f600ff1bebec184588e32"
            },
            "dist": {
                "type": "zip",
                "url": "https://api.github.com/repos/sebastianbergmann/php-token-stream/zipball/ad4e1e23ae01b483c16f600ff1bebec184588e32",
                "reference": "ad4e1e23ae01b483c16f600ff1bebec184588e32",
                "shasum": ""
            },
            "require": {
                "ext-tokenizer": "*",
                "php": ">=5.3.3"
            },
            "type": "library",
            "extra": {
                "branch-alias": {
                    "dev-master": "1.2-dev"
                }
            },
            "autoload": {
                "classmap": [
                    "PHP/"
                ]
            },
            "notification-url": "https://packagist.org/downloads/",
            "include-path": [
                ""
            ],
            "license": [
                "BSD-3-Clause"
            ],
            "authors": [
                {
                    "name": "Sebastian Bergmann",
                    "email": "sb@sebastian-bergmann.de",
                    "role": "lead"
                }
            ],
            "description": "Wrapper around PHP's tokenizer extension.",
            "homepage": "https://github.com/sebastianbergmann/php-token-stream/",
            "keywords": [
                "tokenizer"
            ],
            "time": "2014-03-03 05:10:30"
        },
        {
            "name": "phpunit/phpunit",
            "version": "3.7.x-dev",
            "source": {
                "type": "git",
                "url": "https://github.com/sebastianbergmann/phpunit.git",
                "reference": "38709dc22d519a3d1be46849868aa2ddf822bcf6"
            },
            "dist": {
                "type": "zip",
                "url": "https://api.github.com/repos/sebastianbergmann/phpunit/zipball/38709dc22d519a3d1be46849868aa2ddf822bcf6",
                "reference": "38709dc22d519a3d1be46849868aa2ddf822bcf6",
                "shasum": ""
            },
            "require": {
                "ext-ctype": "*",
                "ext-dom": "*",
                "ext-json": "*",
                "ext-pcre": "*",
                "ext-reflection": "*",
                "ext-spl": "*",
                "php": ">=5.3.3",
                "phpunit/php-code-coverage": "~1.2",
                "phpunit/php-file-iterator": "~1.3",
                "phpunit/php-text-template": "~1.1",
                "phpunit/php-timer": "~1.0",
                "phpunit/phpunit-mock-objects": "~1.2",
                "symfony/yaml": "~2.0"
            },
            "require-dev": {
                "pear-pear.php.net/pear": "1.9.4"
            },
            "suggest": {
                "phpunit/php-invoker": "~1.1"
            },
            "bin": [
                "composer/bin/phpunit"
            ],
            "type": "library",
            "extra": {
                "branch-alias": {
                    "dev-master": "3.7.x-dev"
                }
            },
            "autoload": {
                "classmap": [
                    "PHPUnit/"
                ]
            },
            "notification-url": "https://packagist.org/downloads/",
            "include-path": [
                "",
                "../../symfony/yaml/"
            ],
            "license": [
                "BSD-3-Clause"
            ],
            "authors": [
                {
                    "name": "Sebastian Bergmann",
                    "email": "sebastian@phpunit.de",
                    "role": "lead"
                }
            ],
            "description": "The PHP Unit Testing framework.",
            "homepage": "http://www.phpunit.de/",
            "keywords": [
                "phpunit",
                "testing",
                "xunit"
            ],
            "time": "2014-10-17 09:04:17"
        },
        {
            "name": "phpunit/phpunit-mock-objects",
            "version": "1.2.x-dev",
            "source": {
                "type": "git",
                "url": "https://github.com/sebastianbergmann/phpunit-mock-objects.git",
                "reference": "c39c4511c3b007539eb170c32cbc2af49a07351a"
            },
            "dist": {
                "type": "zip",
                "url": "https://api.github.com/repos/sebastianbergmann/phpunit-mock-objects/zipball/c39c4511c3b007539eb170c32cbc2af49a07351a",
                "reference": "c39c4511c3b007539eb170c32cbc2af49a07351a",
                "shasum": ""
            },
            "require": {
                "php": ">=5.3.3",
                "phpunit/php-text-template": ">=1.1.1@stable"
            },
            "require-dev": {
                "phpunit/phpunit": "3.7.*@dev"
            },
            "suggest": {
                "ext-soap": "*"
            },
            "type": "library",
            "extra": {
                "branch-alias": {
                    "dev-master": "1.2.x-dev"
                }
            },
            "autoload": {
                "classmap": [
                    "PHPUnit/"
                ]
            },
            "notification-url": "https://packagist.org/downloads/",
            "include-path": [
                ""
            ],
            "license": [
                "BSD-3-Clause"
            ],
            "authors": [
                {
                    "name": "Sebastian Bergmann",
                    "email": "sb@sebastian-bergmann.de",
                    "role": "lead"
                }
            ],
            "description": "Mock Object library for PHPUnit",
            "homepage": "https://github.com/sebastianbergmann/phpunit-mock-objects/",
            "keywords": [
                "mock",
                "xunit"
            ],
            "time": "2014-02-16 12:43:56"
        }
    ],
    "aliases": [],
    "minimum-stability": "dev",
    "stability-flags": {
        "silverstripe/cms": 0,
        "silverstripe/framework": 0,
        "silverstripe/googlesitemaps": 20
    },
    "prefer-stable": false,
    "prefer-lowest": false,
    "platform": {
        "php": ">=5.4"
    },
    "platform-dev": []
}
